// !$*UTF8*$!
{
	archiveVersion = 1;
	classes = {
	};
	objectVersion = 50;
	objects = {

/* Begin PBXBuildFile section */
		1817FB1B22D3DC9D0069DD54 /* AppDelegate.swift in Sources */ = {isa = PBXBuildFile; fileRef = 1817FB1A22D3DC9D0069DD54 /* AppDelegate.swift */; };
		1817FB1D22D3DC9D0069DD54 /* ViewController.swift in Sources */ = {isa = PBXBuildFile; fileRef = 1817FB1C22D3DC9D0069DD54 /* ViewController.swift */; };
		1817FB2022D3DC9D0069DD54 /* Main.storyboard in Resources */ = {isa = PBXBuildFile; fileRef = 1817FB1E22D3DC9D0069DD54 /* Main.storyboard */; };
		1817FB2222D3DC9E0069DD54 /* Assets.xcassets in Resources */ = {isa = PBXBuildFile; fileRef = 1817FB2122D3DC9E0069DD54 /* Assets.xcassets */; };
		1817FB2522D3DC9E0069DD54 /* LaunchScreen.storyboard in Resources */ = {isa = PBXBuildFile; fileRef = 1817FB2322D3DC9E0069DD54 /* LaunchScreen.storyboard */; };
		1817FB3022D3DC9E0069DD54 /* GITTests.swift in Sources */ = {isa = PBXBuildFile; fileRef = 1817FB2F22D3DC9E0069DD54 /* GITTests.swift */; };
		1817FB3B22D3DC9E0069DD54 /* GITUITests.swift in Sources */ = {isa = PBXBuildFile; fileRef = 1817FB3A22D3DC9E0069DD54 /* GITUITests.swift */; };
/* End PBXBuildFile section */

/* Begin PBXContainerItemProxy section */
		1817FB2C22D3DC9E0069DD54 /* PBXContainerItemProxy */ = {
			isa = PBXContainerItemProxy;
			containerPortal = 1817FB0F22D3DC9D0069DD54 /* Project object */;
			proxyType = 1;
			remoteGlobalIDString = 1817FB1622D3DC9D0069DD54;
			remoteInfo = GIT;
		};
		1817FB3722D3DC9E0069DD54 /* PBXContainerItemProxy */ = {
			isa = PBXContainerItemProxy;
			containerPortal = 1817FB0F22D3DC9D0069DD54 /* Project object */;
			proxyType = 1;
			remoteGlobalIDString = 1817FB1622D3DC9D0069DD54;
			remoteInfo = GIT;
		};
/* End PBXContainerItemProxy section */

/* Begin PBXFileReference section */
		1817FB1722D3DC9D0069DD54 /* GIT.app */ = {isa = PBXFileReference; explicitFileType = wrapper.application; includeInIndex = 0; path = GIT.app; sourceTree = BUILT_PRODUCTS_DIR; };
		1817FB1A22D3DC9D0069DD54 /* AppDelegate.swift */ = {isa = PBXFileReference; lastKnownFileType = sourcecode.swift; path = AppDelegate.swift; sourceTree = "<group>"; };
		1817FB1C22D3DC9D0069DD54 /* ViewController.swift */ = {isa = PBXFileReference; lastKnownFileType = sourcecode.swift; path = ViewController.swift; sourceTree = "<group>"; };
		1817FB1F22D3DC9D0069DD54 /* Base */ = {isa = PBXFileReference; lastKnownFileType = file.storyboard; name = Base; path = Base.lproj/Main.storyboard; sourceTree = "<group>"; };
		1817FB2122D3DC9E0069DD54 /* Assets.xcassets */ = {isa = PBXFileReference; lastKnownFileType = folder.assetcatalog; path = Assets.xcassets; sourceTree = "<group>"; };
		1817FB2422D3DC9E0069DD54 /* Base */ = {isa = PBXFileReference; lastKnownFileType = file.storyboard; name = Base; path = Base.lproj/LaunchScreen.storyboard; sourceTree = "<group>"; };
		1817FB2622D3DC9E0069DD54 /* Info.plist */ = {isa = PBXFileReference; lastKnownFileType = text.plist.xml; path = Info.plist; sourceTree = "<group>"; };
		1817FB2B22D3DC9E0069DD54 /* GITTests.xctest */ = {isa = PBXFileReference; explicitFileType = wrapper.cfbundle; includeInIndex = 0; path = GITTests.xctest; sourceTree = BUILT_PRODUCTS_DIR; };
		1817FB2F22D3DC9E0069DD54 /* GITTests.swift */ = {isa = PBXFileReference; lastKnownFileType = sourcecode.swift; path = GITTests.swift; sourceTree = "<group>"; };
		1817FB3122D3DC9E0069DD54 /* Info.plist */ = {isa = PBXFileReference; lastKnownFileType = text.plist.xml; path = Info.plist; sourceTree = "<group>"; };
		1817FB3622D3DC9E0069DD54 /* GITUITests.xctest */ = {isa = PBXFileReference; explicitFileType = wrapper.cfbundle; includeInIndex = 0; path = GITUITests.xctest; sourceTree = BUILT_PRODUCTS_DIR; };
		1817FB3A22D3DC9E0069DD54 /* GITUITests.swift */ = {isa = PBXFileReference; lastKnownFileType = sourcecode.swift; path = GITUITests.swift; sourceTree = "<group>"; };
		1817FB3C22D3DC9E0069DD54 /* Info.plist */ = {isa = PBXFileReference; lastKnownFileType = text.plist.xml; path = Info.plist; sourceTree = "<group>"; };
/* End PBXFileReference section */

/* Begin PBXFrameworksBuildPhase section */
		1817FB1422D3DC9D0069DD54 /* Frameworks */ = {
			isa = PBXFrameworksBuildPhase;
			buildActionMask = 2147483647;
			files = (
			);
			runOnlyForDeploymentPostprocessing = 0;
		};
		1817FB2822D3DC9E0069DD54 /* Frameworks */ = {
			isa = PBXFrameworksBuildPhase;
			buildActionMask = 2147483647;
			files = (
			);
			runOnlyForDeploymentPostprocessing = 0;
		};
		1817FB3322D3DC9E0069DD54 /* Frameworks */ = {
			isa = PBXFrameworksBuildPhase;
			buildActionMask = 2147483647;
			files = (
			);
			runOnlyForDeploymentPostprocessing = 0;
		};
/* End PBXFrameworksBuildPhase section */

/* Begin PBXGroup section */
		1817FB0E22D3DC9D0069DD54 = {
			isa = PBXGroup;
			children = (
				1817FB1922D3DC9D0069DD54 /* GIT */,
				1817FB2E22D3DC9E0069DD54 /* GITTests */,
				1817FB3922D3DC9E0069DD54 /* GITUITests */,
				1817FB1822D3DC9D0069DD54 /* Products */,
			);
			sourceTree = "<group>";
		};
		1817FB1822D3DC9D0069DD54 /* Products */ = {
			isa = PBXGroup;
			children = (
				1817FB1722D3DC9D0069DD54 /* GIT.app */,
				1817FB2B22D3DC9E0069DD54 /* GITTests.xctest */,
				1817FB3622D3DC9E0069DD54 /* GITUITests.xctest */,
			);
			name = Products;
			sourceTree = "<group>";
		};
		1817FB1922D3DC9D0069DD54 /* GIT */ = {
			isa = PBXGroup;
			children = (
				1817FB1A22D3DC9D0069DD54 /* AppDelegate.swift */,
				1817FB1C22D3DC9D0069DD54 /* ViewController.swift */,
				1817FB1E22D3DC9D0069DD54 /* Main.storyboard */,
				1817FB2122D3DC9E0069DD54 /* Assets.xcassets */,
				1817FB2322D3DC9E0069DD54 /* LaunchScreen.storyboard */,
				1817FB2622D3DC9E0069DD54 /* Info.plist */,
			);
			path = GIT;
			sourceTree = "<group>";
		};
		1817FB2E22D3DC9E0069DD54 /* GITTests */ = {
			isa = PBXGroup;
			children = (
				1817FB2F22D3DC9E0069DD54 /* GITTests.swift */,
				1817FB3122D3DC9E0069DD54 /* Info.plist */,
			);
			path = GITTests;
			sourceTree = "<group>";
		};
		1817FB3922D3DC9E0069DD54 /* GITUITests */ = {
			isa = PBXGroup;
			children = (
				1817FB3A22D3DC9E0069DD54 /* GITUITests.swift */,
				1817FB3C22D3DC9E0069DD54 /* Info.plist */,
			);
			path = GITUITests;
			sourceTree = "<group>";
		};
/* End PBXGroup section */

/* Begin PBXNativeTarget section */
		1817FB1622D3DC9D0069DD54 /* GIT */ = {
			isa = PBXNativeTarget;
			buildConfigurationList = 1817FB3F22D3DC9E0069DD54 /* Build configuration list for PBXNativeTarget "GIT" */;
			buildPhases = (
				1817FB1322D3DC9D0069DD54 /* Sources */,
				1817FB1422D3DC9D0069DD54 /* Frameworks */,
				1817FB1522D3DC9D0069DD54 /* Resources */,
			);
			buildRules = (
			);
			dependencies = (
			);
			name = GIT;
			productName = GIT;
			productReference = 1817FB1722D3DC9D0069DD54 /* GIT.app */;
			productType = "com.apple.product-type.application";
		};
		1817FB2A22D3DC9E0069DD54 /* GITTests */ = {
			isa = PBXNativeTarget;
			buildConfigurationList = 1817FB4222D3DC9E0069DD54 /* Build configuration list for PBXNativeTarget "GITTests" */;
			buildPhases = (
				1817FB2722D3DC9E0069DD54 /* Sources */,
				1817FB2822D3DC9E0069DD54 /* Frameworks */,
				1817FB2922D3DC9E0069DD54 /* Resources */,
			);
			buildRules = (
			);
			dependencies = (
				1817FB2D22D3DC9E0069DD54 /* PBXTargetDependency */,
			);
			name = GITTests;
			productName = GITTests;
			productReference = 1817FB2B22D3DC9E0069DD54 /* GITTests.xctest */;
			productType = "com.apple.product-type.bundle.unit-test";
		};
		1817FB3522D3DC9E0069DD54 /* GITUITests */ = {
			isa = PBXNativeTarget;
			buildConfigurationList = 1817FB4522D3DC9E0069DD54 /* Build configuration list for PBXNativeTarget "GITUITests" */;
			buildPhases = (
				1817FB3222D3DC9E0069DD54 /* Sources */,
				1817FB3322D3DC9E0069DD54 /* Frameworks */,
				1817FB3422D3DC9E0069DD54 /* Resources */,
			);
			buildRules = (
			);
			dependencies = (
				1817FB3822D3DC9E0069DD54 /* PBXTargetDependency */,
			);
			name = GITUITests;
			productName = GITUITests;
			productReference = 1817FB3622D3DC9E0069DD54 /* GITUITests.xctest */;
			productType = "com.apple.product-type.bundle.ui-testing";
		};
/* End PBXNativeTarget section */

/* Begin PBXProject section */
		1817FB0F22D3DC9D0069DD54 /* Project object */ = {
			isa = PBXProject;
			attributes = {
				LastSwiftUpdateCheck = 1020;
				LastUpgradeCheck = 1020;
				ORGANIZATIONNAME = "Kode with Klossy";
				TargetAttributes = {
					1817FB1622D3DC9D0069DD54 = {
						CreatedOnToolsVersion = 10.2.1;
					};
					1817FB2A22D3DC9E0069DD54 = {
						CreatedOnToolsVersion = 10.2.1;
						TestTargetID = 1817FB1622D3DC9D0069DD54;
					};
					1817FB3522D3DC9E0069DD54 = {
						CreatedOnToolsVersion = 10.2.1;
						TestTargetID = 1817FB1622D3DC9D0069DD54;
					};
				};
			};
			buildConfigurationList = 1817FB1222D3DC9D0069DD54 /* Build configuration list for PBXProject "GIT" */;
			compatibilityVersion = "Xcode 9.3";
			developmentRegion = en;
			hasScannedForEncodings = 0;
			knownRegions = (
				en,
				Base,
			);
			mainGroup = 1817FB0E22D3DC9D0069DD54;
			productRefGroup = 1817FB1822D3DC9D0069DD54 /* Products */;
			projectDirPath = "";
			projectRoot = "";
			targets = (
				1817FB1622D3DC9D0069DD54 /* GIT */,
				1817FB2A22D3DC9E0069DD54 /* GITTests */,
				1817FB3522D3DC9E0069DD54 /* GITUITests */,
			);
		};
/* End PBXProject section */

/* Begin PBXResourcesBuildPhase section */
		1817FB1522D3DC9D0069DD54 /* Resources */ = {
			isa = PBXResourcesBuildPhase;
			buildActionMask = 2147483647;
			files = (
				1817FB2522D3DC9E0069DD54 /* LaunchScreen.storyboard in Resources */,
				1817FB2222D3DC9E0069DD54 /* Assets.xcassets in Resources */,
				1817FB2022D3DC9D0069DD54 /* Main.storyboard in Resources */,
			);
			runOnlyForDeploymentPostprocessing = 0;
		};
		1817FB2922D3DC9E0069DD54 /* Resources */ = {
			isa = PBXResourcesBuildPhase;
			buildActionMask = 2147483647;
			files = (
			);
			runOnlyForDeploymentPostprocessing = 0;
		};
		1817FB3422D3DC9E0069DD54 /* Resources */ = {
			isa = PBXResourcesBuildPhase;
			buildActionMask = 2147483647;
			files = (
			);
			runOnlyForDeploymentPostprocessing = 0;
		};
/* End PBXResourcesBuildPhase section */

/* Begin PBXSourcesBuildPhase section */
		1817FB1322D3DC9D0069DD54 /* Sources */ = {
			isa = PBXSourcesBuildPhase;
			buildActionMask = 2147483647;
			files = (
				1817FB1D22D3DC9D0069DD54 /* ViewController.swift in Sources */,
				1817FB1B22D3DC9D0069DD54 /* AppDelegate.swift in Sources */,
			);
			runOnlyForDeploymentPostprocessing = 0;
		};
		1817FB2722D3DC9E0069DD54 /* Sources */ = {
			isa = PBXSourcesBuildPhase;
			buildActionMask = 2147483647;
			files = (
				1817FB3022D3DC9E0069DD54 /* GITTests.swift in Sources */,
			);
			runOnlyForDeploymentPostprocessing = 0;
		};
		1817FB3222D3DC9E0069DD54 /* Sources */ = {
			isa = PBXSourcesBuildPhase;
			buildActionMask = 2147483647;
			files = (
				1817FB3B22D3DC9E0069DD54 /* GITUITests.swift in Sources */,
			);
			runOnlyForDeploymentPostprocessing = 0;
		};
/* End PBXSourcesBuildPhase section */

/* Begin PBXTargetDependency section */
		1817FB2D22D3DC9E0069DD54 /* PBXTargetDependency */ = {
			isa = PBXTargetDependency;
			target = 1817FB1622D3DC9D0069DD54 /* GIT */;
			targetProxy = 1817FB2C22D3DC9E0069DD54 /* PBXContainerItemProxy */;
		};
		1817FB3822D3DC9E0069DD54 /* PBXTargetDependency */ = {
			isa = PBXTargetDependency;
			target = 1817FB1622D3DC9D0069DD54 /* GIT */;
			targetProxy = 1817FB3722D3DC9E0069DD54 /* PBXContainerItemProxy */;
		};
/* End PBXTargetDependency section */

/* Begin PBXVariantGroup section */
		1817FB1E22D3DC9D0069DD54 /* Main.storyboard */ = {
			isa = PBXVariantGroup;
			children = (
				1817FB1F22D3DC9D0069DD54 /* Base */,
			);
			name = Main.storyboard;
			sourceTree = "<group>";
		};
		1817FB2322D3DC9E0069DD54 /* LaunchScreen.storyboard */ = {
			isa = PBXVariantGroup;
			children = (
				1817FB2422D3DC9E0069DD54 /* Base */,
			);
			name = LaunchScreen.storyboard;
			sourceTree = "<group>";
		};
/* End PBXVariantGroup section */

/* Begin XCBuildConfiguration section */
		1817FB3D22D3DC9E0069DD54 /* Debug */ = {
			isa = XCBuildConfiguration;
			buildSettings = {
				ALWAYS_SEARCH_USER_PATHS = NO;
				CLANG_ANALYZER_NONNULL = YES;
				CLANG_ANALYZER_NUMBER_OBJECT_CONVERSION = YES_AGGRESSIVE;
				CLANG_CXX_LANGUAGE_STANDARD = "gnu++14";
				CLANG_CXX_LIBRARY = "libc++";
				CLANG_ENABLE_MODULES = YES;
				CLANG_ENABLE_OBJC_ARC = YES;
				CLANG_ENABLE_OBJC_WEAK = YES;
				CLANG_WARN_BLOCK_CAPTURE_AUTORELEASING = YES;
				CLANG_WARN_BOOL_CONVERSION = YES;
				CLANG_WARN_COMMA = YES;
				CLANG_WARN_CONSTANT_CONVERSION = YES;
				CLANG_WARN_DEPRECATED_OBJC_IMPLEMENTATIONS = YES;
				CLANG_WARN_DIRECT_OBJC_ISA_USAGE = YES_ERROR;
				CLANG_WARN_DOCUMENTATION_COMMENTS = YES;
				CLANG_WARN_EMPTY_BODY = YES;
				CLANG_WARN_ENUM_CONVERSION = YES;
				CLANG_WARN_INFINITE_RECURSION = YES;
				CLANG_WARN_INT_CONVERSION = YES;
				CLANG_WARN_NON_LITERAL_NULL_CONVERSION = YES;
				CLANG_WARN_OBJC_IMPLICIT_RETAIN_SELF = YES;
				CLANG_WARN_OBJC_LITERAL_CONVERSION = YES;
				CLANG_WARN_OBJC_ROOT_CLASS = YES_ERROR;
				CLANG_WARN_RANGE_LOOP_ANALYSIS = YES;
				CLANG_WARN_STRICT_PROTOTYPES = YES;
				CLANG_WARN_SUSPICIOUS_MOVE = YES;
				CLANG_WARN_UNGUARDED_AVAILABILITY = YES_AGGRESSIVE;
				CLANG_WARN_UNREACHABLE_CODE = YES;
				CLANG_WARN__DUPLICATE_METHOD_MATCH = YES;
				CODE_SIGN_IDENTITY = "iPhone Developer";
				COPY_PHASE_STRIP = NO;
				DEBUG_INFORMATION_FORMAT = dwarf;
				ENABLE_STRICT_OBJC_MSGSEND = YES;
				ENABLE_TESTABILITY = YES;
				GCC_C_LANGUAGE_STANDARD = gnu11;
				GCC_DYNAMIC_NO_PIC = NO;
				GCC_NO_COMMON_BLOCKS = YES;
				GCC_OPTIMIZATION_LEVEL = 0;
				GCC_PREPROCESSOR_DEFINITIONS = (
					"DEBUG=1",
					"$(inherited)",
				);
				GCC_WARN_64_TO_32_BIT_CONVERSION = YES;
				GCC_WARN_ABOUT_RETURN_TYPE = YES_ERROR;
				GCC_WARN_UNDECLARED_SELECTOR = YES;
				GCC_WARN_UNINITIALIZED_AUTOS = YES_AGGRESSIVE;
				GCC_WARN_UNUSED_FUNCTION = YES;
				GCC_WARN_UNUSED_VARIABLE = YES;
				IPHONEOS_DEPLOYMENT_TARGET = 12.2;
				MTL_ENABLE_DEBUG_INFO = INCLUDE_SOURCE;
				MTL_FAST_MATH = YES;
				ONLY_ACTIVE_ARCH = YES;
				SDKROOT = iphoneos;
				SWIFT_ACTIVE_COMPILATION_CONDITIONS = DEBUG;
				SWIFT_OPTIMIZATION_LEVEL = "-Onone";
			};
			name = Debug;
		};
		1817FB3E22D3DC9E0069DD54 /* Release */ = {
			isa = XCBuildConfiguration;
			buildSettings = {
				ALWAYS_SEARCH_USER_PATHS = NO;
				CLANG_ANALYZER_NONNULL = YES;
				CLANG_ANALYZER_NUMBER_OBJECT_CONVERSION = YES_AGGRESSIVE;
				CLANG_CXX_LANGUAGE_STANDARD = "gnu++14";
				CLANG_CXX_LIBRARY = "libc++";
				CLANG_ENABLE_MODULES = YES;
				CLANG_ENABLE_OBJC_ARC = YES;
				CLANG_ENABLE_OBJC_WEAK = YES;
				CLANG_WARN_BLOCK_CAPTURE_AUTORELEASING = YES;
				CLANG_WARN_BOOL_CONVERSION = YES;
				CLANG_WARN_COMMA = YES;
				CLANG_WARN_CONSTANT_CONVERSION = YES;
				CLANG_WARN_DEPRECATED_OBJC_IMPLEMENTATIONS = YES;
				CLANG_WARN_DIRECT_OBJC_ISA_USAGE = YES_ERROR;
				CLANG_WARN_DOCUMENTATION_COMMENTS = YES;
				CLANG_WARN_EMPTY_BODY = YES;
				CLANG_WARN_ENUM_CONVERSION = YES;
				CLANG_WARN_INFINITE_RECURSION = YES;
				CLANG_WARN_INT_CONVERSION = YES;
				CLANG_WARN_NON_LITERAL_NULL_CONVERSION = YES;
				CLANG_WARN_OBJC_IMPLICIT_RETAIN_SELF = YES;
				CLANG_WARN_OBJC_LITERAL_CONVERSION = YES;
				CLANG_WARN_OBJC_ROOT_CLASS = YES_ERROR;
				CLANG_WARN_RANGE_LOOP_ANALYSIS = YES;
				CLANG_WARN_STRICT_PROTOTYPES = YES;
				CLANG_WARN_SUSPICIOUS_MOVE = YES;
				CLANG_WARN_UNGUARDED_AVAILABILITY = YES_AGGRESSIVE;
				CLANG_WARN_UNREACHABLE_CODE = YES;
				CLANG_WARN__DUPLICATE_METHOD_MATCH = YES;
				CODE_SIGN_IDENTITY = "iPhone Developer";
				COPY_PHASE_STRIP = NO;
				DEBUG_INFORMATION_FORMAT = "dwarf-with-dsym";
				ENABLE_NS_ASSERTIONS = NO;
				ENABLE_STRICT_OBJC_MSGSEND = YES;
				GCC_C_LANGUAGE_STANDARD = gnu11;
				GCC_NO_COMMON_BLOCKS = YES;
				GCC_WARN_64_TO_32_BIT_CONVERSION = YES;
				GCC_WARN_ABOUT_RETURN_TYPE = YES_ERROR;
				GCC_WARN_UNDECLARED_SELECTOR = YES;
				GCC_WARN_UNINITIALIZED_AUTOS = YES_AGGRESSIVE;
				GCC_WARN_UNUSED_FUNCTION = YES;
				GCC_WARN_UNUSED_VARIABLE = YES;
				IPHONEOS_DEPLOYMENT_TARGET = 12.2;
				MTL_ENABLE_DEBUG_INFO = NO;
				MTL_FAST_MATH = YES;
				SDKROOT = iphoneos;
				SWIFT_COMPILATION_MODE = wholemodule;
				SWIFT_OPTIMIZATION_LEVEL = "-O";
				VALIDATE_PRODUCT = YES;
			};
			name = Release;
		};
		1817FB4022D3DC9E0069DD54 /* Debug */ = {
			isa = XCBuildConfiguration;
			buildSettings = {
				ASSETCATALOG_COMPILER_APPICON_NAME = AppIcon;
				CODE_SIGN_STYLE = Automatic;
				DEVELOPMENT_TEAM = KHP7R522MF;
				INFOPLIST_FILE = GIT/Info.plist;
				LD_RUNPATH_SEARCH_PATHS = (
					"$(inherited)",
					"@executable_path/Frameworks",
				);
				PRODUCT_BUNDLE_IDENTIFIER = practicegit.GIT;
				PRODUCT_NAME = "$(TARGET_NAME)";
				SWIFT_VERSION = 5.0;
				TARGETED_DEVICE_FAMILY = "1,2";
			};
			name = Debug;
		};
		1817FB4122D3DC9E0069DD54 /* Release */ = {
			isa = XCBuildConfiguration;
			buildSettings = {
				ASSETCATALOG_COMPILER_APPICON_NAME = AppIcon;
				CODE_SIGN_STYLE = Automatic;
				DEVELOPMENT_TEAM = KHP7R522MF;
				INFOPLIST_FILE = GIT/Info.plist;
				LD_RUNPATH_SEARCH_PATHS = (
					"$(inherited)",
					"@executable_path/Frameworks",
				);
				PRODUCT_BUNDLE_IDENTIFIER = practicegit.GIT;
				PRODUCT_NAME = "$(TARGET_NAME)";
				SWIFT_VERSION = 5.0;
				TARGETED_DEVICE_FAMILY = "1,2";
			};
			name = Release;
		};
		1817FB4322D3DC9E0069DD54 /* Debug */ = {
			isa = XCBuildConfiguration;
			buildSettings = {
				ALWAYS_EMBED_SWIFT_STANDARD_LIBRARIES = YES;
				BUNDLE_LOADER = "$(TEST_HOST)";
				CODE_SIGN_STYLE = Automatic;
				DEVELOPMENT_TEAM = KHP7R522MF;
				INFOPLIST_FILE = GITTests/Info.plist;
				LD_RUNPATH_SEARCH_PATHS = (
					"$(inherited)",
					"@executable_path/Frameworks",
					"@loader_path/Frameworks",
				);
				PRODUCT_BUNDLE_IDENTIFIER = practicegit.GITTests;
				PRODUCT_NAME = "$(TARGET_NAME)";
				SWIFT_VERSION = 5.0;
				TARGETED_DEVICE_FAMILY = "1,2";
				TEST_HOST = "$(BUILT_PRODUCTS_DIR)/GIT.app/GIT";
			};
			name = Debug;
		};
		1817FB4422D3DC9E0069DD54 /* Release */ = {
			isa = XCBuildConfiguration;
			buildSettings = {
				ALWAYS_EMBED_SWIFT_STANDARD_LIBRARIES = YES;
				BUNDLE_LOADER = "$(TEST_HOST)";
				CODE_SIGN_STYLE = Automatic;
				DEVELOPMENT_TEAM = KHP7R522MF;
				INFOPLIST_FILE = GITTests/Info.plist;
				LD_RUNPATH_SEARCH_PATHS = (
					"$(inherited)",
					"@executable_path/Frameworks",
					"@loader_path/Frameworks",
				);
				PRODUCT_BUNDLE_IDENTIFIER = practicegit.GITTests;
				PRODUCT_NAME = "$(TARGET_NAME)";
				SWIFT_VERSION = 5.0;
				TARGETED_DEVICE_FAMILY = "1,2";
				TEST_HOST = "$(BUILT_PRODUCTS_DIR)/GIT.app/GIT";
			};
			name = Release;
		};
		1817FB4622D3DC9E0069DD54 /* Debug */ = {
			isa = XCBuildConfiguration;
			buildSettings = {
				ALWAYS_EMBED_SWIFT_STANDARD_LIBRARIES = YES;
				CODE_SIGN_STYLE = Automatic;
				DEVELOPMENT_TEAM = KHP7R522MF;
				INFOPLIST_FILE = GITUITests/Info.plist;
				LD_RUNPATH_SEARCH_PATHS = (
					"$(inherited)",
					"@executable_path/Frameworks",
					"@loader_path/Frameworks",
				);
				PRODUCT_BUNDLE_IDENTIFIER = practicegit.GITUITests;
				PRODUCT_NAME = "$(TARGET_NAME)";
				SWIFT_VERSION = 5.0;
				TARGETED_DEVICE_FAMILY = "1,2";
				TEST_TARGET_NAME = GIT;
			};
			name = Debug;
		};
		1817FB4722D3DC9E0069DD54 /* Release */ = {
			isa = XCBuildConfiguration;
			buildSettings = {
				ALWAYS_EMBED_SWIFT_STANDARD_LIBRARIES = YES;
				CODE_SIGN_STYLE = Automatic;
				DEVELOPMENT_TEAM = KHP7R522MF;
				INFOPLIST_FILE = GITUITests/Info.plist;
				LD_RUNPATH_SEARCH_PATHS = (
					"$(inherited)",
					"@executable_path/Frameworks",
					"@loader_path/Frameworks",
				);
				PRODUCT_BUNDLE_IDENTIFIER = practicegit.GITUITests;
				PRODUCT_NAME = "$(TARGET_NAME)";
				SWIFT_VERSION = 5.0;
				TARGETED_DEVICE_FAMILY = "1,2";
				TEST_TARGET_NAME = GIT;
			};
			name = Release;
		};
/* End XCBuildConfiguration section */

/* Begin XCConfigurationList section */
		1817FB1222D3DC9D0069DD54 /* Build configuration list for PBXProject "GIT" */ = {
			isa = XCConfigurationList;
			buildConfigurations = (
				1817FB3D22D3DC9E0069DD54 /* Debug */,
				1817FB3E22D3DC9E0069DD54 /* Release */,
			);
			defaultConfigurationIsVisible = 0;
			defaultConfigurationName = Release;
		};
		1817FB3F22D3DC9E0069DD54 /* Build configuration list for PBXNativeTarget "GIT" */ = {
			isa = XCConfigurationList;
			buildConfigurations = (
				1817FB4022D3DC9E0069DD54 /* Debug */,
				1817FB4122D3DC9E0069DD54 /* Release */,
			);
			defaultConfigurationIsVisible = 0;
			defaultConfigurationName = Release;
		};
		1817FB4222D3DC9E0069DD54 /* Build configuration list for PBXNativeTarget "GITTests" */ = {
			isa = XCConfigurationList;
			buildConfigurations = (
				1817FB4322D3DC9E0069DD54 /* Debug */,
				1817FB4422D3DC9E0069DD54 /* Release */,
			);
			defaultConfigurationIsVisible = 0;
			defaultConfigurationName = Release;
		};
		1817FB4522D3DC9E0069DD54 /* Build configuration list for PBXNativeTarget "GITUITests" */ = {
			isa = XCConfigurationList;
			buildConfigurations = (
				1817FB4622D3DC9E0069DD54 /* Debug */,
				1817FB4722D3DC9E0069DD54 /* Release */,
			);
			defaultConfigurationIsVisible = 0;
			defaultConfigurationName = Release;
		};
/* End XCConfigurationList section */
	};
	rootObject = 1817FB0F22D3DC9D0069DD54 /* Project object */;
}
